
Microsoft Visual Studio Solution File, Format Version 12.00
# Visual Studio Version 16
VisualStudioVersion = 16.0.31424.327
MinimumVisualStudioVersion = 10.0.40219.1
Project("{FAE04EC0-301F-11D3-BF4B-00C04F79EFBC}") = "Fatorizer", "Fatorizer.csproj", "{0D7AA795-3B31-4314-B481-025C498DC4D5}"
EndProject
Global
	GlobalSection(SolutionConfigurationPlatforms) = preSolution
		Debug|Any CPU = Debug|Any CPU
		Release|Any CPU = Release|Any CPU
	EndGlobalSection
	GlobalSection(ProjectConfigurationPlatforms) = postSolution
		{0D7AA795-3B31-4314-B481-025C498DC4D5}.Debug|Any CPU.ActiveCfg = Debug|Any CPU
		{0D7AA795-3B31-4314-B481-025C498DC4D5}.Debug|Any CPU.Build.0 = Debug|Any CPU
		{0D7AA795-3B31-4314-B481-025C498DC4D5}.Release|Any CPU.ActiveCfg = Release|Any CPU
		{0D7AA795-3B31-4314-B481-025C498DC4D5}.Release|Any CPU.Build.0 = Release|Any CPU
	EndGlobalSection
	GlobalSection(SolutionProperties) = preSolution
		HideSolutionNode = FALSE
	EndGlobalSection
	GlobalSection(ExtensibilityGlobals) = postSolution
		SolutionGuid = {C4F33346-15E4-4E1A-B83D-17695B1EDC16}
	EndGlobalSection
EndGlobal
